
Microsoft Visual Studio Solution File, Format Version 12.00
# Visual Studio Version 17
VisualStudioVersion = 17.9.34723.18
MinimumVisualStudioVersion = 10.0.40219.1
Project("{FAE04EC0-301F-11D3-BF4B-00C04F79EFBC}") = "seminar5", "seminar5\seminar5.csproj", "{654D9D6F-D248-488B-9E18-3FF72991380B}"
EndProject
Global
	GlobalSection(SolutionConfigurationPlatforms) = preSolution
		Debug|Any CPU = Debug|Any CPU
		Release|Any CPU = Release|Any CPU
	EndGlobalSection
	GlobalSection(ProjectConfigurationPlatforms) = postSolution
		{654D9D6F-D248-488B-9E18-3FF72991380B}.Debug|Any CPU.ActiveCfg = Debug|Any CPU
		{654D9D6F-D248-488B-9E18-3FF72991380B}.Debug|Any CPU.Build.0 = Debug|Any CPU
		{654D9D6F-D248-488B-9E18-3FF72991380B}.Release|Any CPU.ActiveCfg = Release|Any CPU
		{654D9D6F-D248-488B-9E18-3FF72991380B}.Release|Any CPU.Build.0 = Release|Any CPU
	EndGlobalSection
	GlobalSection(SolutionProperties) = preSolution
		HideSolutionNode = FALSE
	EndGlobalSection
	GlobalSection(ExtensibilityGlobals) = postSolution
		SolutionGuid = {7F878F7F-E381-456A-8801-7AAD17406FA2}
	EndGlobalSection
EndGlobal
